# This file is automatically @generated by Cargo.
# It is not intended for manual editing.
[[package]]
name = "build-helper"
version = "0.1.1"
source = "registry+https://github.com/rust-lang/crates.io-index"
dependencies = [
 "semver 0.6.0 (registry+https://github.com/rust-lang/crates.io-index)",
]

[[package]]
name = "configure_me"
version = "0.3.1"
source = "registry+https://github.com/rust-lang/crates.io-index"
dependencies = [
 "parse_arg 0.1.2 (registry+https://github.com/rust-lang/crates.io-index)",
 "serde 1.0.91 (registry+https://github.com/rust-lang/crates.io-index)",
 "serde_derive 1.0.91 (registry+https://github.com/rust-lang/crates.io-index)",
 "toml 0.4.10 (registry+https://github.com/rust-lang/crates.io-index)",
]

[[package]]
name = "configure_me_codegen"
version = "0.3.2"
source = "registry+https://github.com/rust-lang/crates.io-index"
dependencies = [
 "build-helper 0.1.1 (registry+https://github.com/rust-lang/crates.io-index)",
 "fmt2io 0.1.0 (registry+https://github.com/rust-lang/crates.io-index)",
 "man 0.1.1 (registry+https://github.com/rust-lang/crates.io-index)",
 "serde 1.0.91 (registry+https://github.com/rust-lang/crates.io-index)",
 "serde_derive 1.0.91 (registry+https://github.com/rust-lang/crates.io-index)",
 "toml 0.4.10 (registry+https://github.com/rust-lang/crates.io-index)",
 "unicode-segmentation 1.2.1 (registry+https://github.com/rust-lang/crates.io-index)",
]

[[package]]
name = "csv"
version = "1.0.7"
source = "registry+https://github.com/rust-lang/crates.io-index"
dependencies = [
 "csv-core 0.1.5 (registry+https://github.com/rust-lang/crates.io-index)",
 "itoa 0.4.4 (registry+https://github.com/rust-lang/crates.io-index)",
 "ryu 0.2.8 (registry+https://github.com/rust-lang/crates.io-index)",
 "serde 1.0.91 (registry+https://github.com/rust-lang/crates.io-index)",
]

[[package]]
name = "csv-core"
version = "0.1.5"
source = "registry+https://github.com/rust-lang/crates.io-index"
dependencies = [
 "memchr 2.2.0 (registry+https://github.com/rust-lang/crates.io-index)",
]

[[package]]
name = "csv2btcpay"
version = "0.1.0"
dependencies = [
 "configure_me 0.3.1 (registry+https://github.com/rust-lang/crates.io-index)",
 "configure_me_codegen 0.3.2 (registry+https://github.com/rust-lang/crates.io-index)",
 "csv 1.0.7 (registry+https://github.com/rust-lang/crates.io-index)",
 "serde 1.0.91 (registry+https://github.com/rust-lang/crates.io-index)",
 "serde_yaml 0.8.9 (registry+https://github.com/rust-lang/crates.io-index)",
]

[[package]]
name = "dtoa"
version = "0.4.4"
source = "registry+https://github.com/rust-lang/crates.io-index"

[[package]]
name = "fmt2io"
version = "0.1.0"
source = "registry+https://github.com/rust-lang/crates.io-index"

[[package]]
name = "gbpos2csv"
version = "0.1.0"
dependencies = [
 "configure_me 0.3.1 (registry+https://github.com/rust-lang/crates.io-index)",
 "configure_me_codegen 0.3.2 (registry+https://github.com/rust-lang/crates.io-index)",
 "csv 1.0.7 (registry+https://github.com/rust-lang/crates.io-index)",
 "htmlstream 0.1.3 (registry+https://github.com/rust-lang/crates.io-index)",
 "serde 1.0.91 (registry+https://github.com/rust-lang/crates.io-index)",
]

[[package]]
name = "htmlstream"
version = "0.1.3"
source = "registry+https://github.com/rust-lang/crates.io-index"

[[package]]
name = "itoa"
version = "0.4.4"
source = "registry+https://github.com/rust-lang/crates.io-index"

[[package]]
name = "libc"
version = "0.2.54"
source = "registry+https://github.com/rust-lang/crates.io-index"

[[package]]
name = "linked-hash-map"
version = "0.5.2"
source = "registry+https://github.com/rust-lang/crates.io-index"

[[package]]
name = "man"
version = "0.1.1"
source = "registry+https://github.com/rust-lang/crates.io-index"
dependencies = [
 "roff 0.1.0 (registry+https://github.com/rust-lang/crates.io-index)",
]

[[package]]
name = "memchr"
version = "2.2.0"
source = "registry+https://github.com/rust-lang/crates.io-index"
dependencies = [
 "libc 0.2.54 (registry+https://github.com/rust-lang/crates.io-index)",
]

[[package]]
name = "parse_arg"
version = "0.1.2"
source = "registry+https://github.com/rust-lang/crates.io-index"

[[package]]
name = "proc-macro2"
version = "0.4.30"
source = "registry+https://github.com/rust-lang/crates.io-index"
dependencies = [
 "unicode-xid 0.1.0 (registry+https://github.com/rust-lang/crates.io-index)",
]

[[package]]
name = "quote"
version = "0.6.12"
source = "registry+https://github.com/rust-lang/crates.io-index"
dependencies = [
 "proc-macro2 0.4.30 (registry+https://github.com/rust-lang/crates.io-index)",
]

[[package]]
name = "roff"
version = "0.1.0"
source = "registry+https://github.com/rust-lang/crates.io-index"

[[package]]
name = "ryu"
version = "0.2.8"
source = "registry+https://github.com/rust-lang/crates.io-index"

[[package]]
name = "semver"
version = "0.6.0"
source = "registry+https://github.com/rust-lang/crates.io-index"
dependencies = [
 "semver-parser 0.7.0 (registry+https://github.com/rust-lang/crates.io-index)",
]

[[package]]
name = "semver-parser"
version = "0.7.0"
source = "registry+https://github.com/rust-lang/crates.io-index"

[[package]]
name = "serde"
version = "1.0.91"
source = "registry+https://github.com/rust-lang/crates.io-index"

[[package]]
name = "serde_derive"
version = "1.0.91"
source = "registry+https://github.com/rust-lang/crates.io-index"
dependencies = [
 "proc-macro2 0.4.30 (registry+https://github.com/rust-lang/crates.io-index)",
 "quote 0.6.12 (registry+https://github.com/rust-lang/crates.io-index)",
 "syn 0.15.34 (registry+https://github.com/rust-lang/crates.io-index)",
]

[[package]]
name = "serde_yaml"
version = "0.8.9"
source = "registry+https://github.com/rust-lang/crates.io-index"
dependencies = [
 "dtoa 0.4.4 (registry+https://github.com/rust-lang/crates.io-index)",
 "linked-hash-map 0.5.2 (registry+https://github.com/rust-lang/crates.io-index)",
 "serde 1.0.91 (registry+https://github.com/rust-lang/crates.io-index)",
 "yaml-rust 0.4.3 (registry+https://github.com/rust-lang/crates.io-index)",
]

[[package]]
name = "syn"
version = "0.15.34"
source = "registry+https://github.com/rust-lang/crates.io-index"
dependencies = [
 "proc-macro2 0.4.30 (registry+https://github.com/rust-lang/crates.io-index)",
 "quote 0.6.12 (registry+https://github.com/rust-lang/crates.io-index)",
 "unicode-xid 0.1.0 (registry+https://github.com/rust-lang/crates.io-index)",
]

[[package]]
name = "toml"
version = "0.4.10"
source = "registry+https://github.com/rust-lang/crates.io-index"
dependencies = [
 "serde 1.0.91 (registry+https://github.com/rust-lang/crates.io-index)",
]

[[package]]
name = "unicode-segmentation"
version = "1.2.1"
source = "registry+https://github.com/rust-lang/crates.io-index"

[[package]]
name = "unicode-xid"
version = "0.1.0"
source = "registry+https://github.com/rust-lang/crates.io-index"

[[package]]
name = "yaml-rust"
version = "0.4.3"
source = "registry+https://github.com/rust-lang/crates.io-index"
dependencies = [
 "linked-hash-map 0.5.2 (registry+https://github.com/rust-lang/crates.io-index)",
]

[metadata]
"checksum build-helper 0.1.1 (registry+https://github.com/rust-lang/crates.io-index)" = "bdce191bf3fa4995ce948c8c83b4640a1745457a149e73c6db75b4ffe36aad5f"
"checksum configure_me 0.3.1 (registry+https://github.com/rust-lang/crates.io-index)" = "fd9c575f9bd379ebf24375aaf5d241dcfee330715415b6e4733fbba8b29e445e"
"checksum configure_me_codegen 0.3.2 (registry+https://github.com/rust-lang/crates.io-index)" = "18490cb9674b5764b1cd783f9f62070d33d3ed4d7b1801ddbfeea14be2a56ef3"
"checksum csv 1.0.7 (registry+https://github.com/rust-lang/crates.io-index)" = "9044e25afb0924b5a5fc5511689b0918629e85d68ea591e5e87fbf1e85ea1b3b"
"checksum csv-core 0.1.5 (registry+https://github.com/rust-lang/crates.io-index)" = "fa5cdef62f37e6ffe7d1f07a381bc0db32b7a3ff1cac0de56cb0d81e71f53d65"
"checksum dtoa 0.4.4 (registry+https://github.com/rust-lang/crates.io-index)" = "ea57b42383d091c85abcc2706240b94ab2a8fa1fc81c10ff23c4de06e2a90b5e"
"checksum fmt2io 0.1.0 (registry+https://github.com/rust-lang/crates.io-index)" = "c9db8691f0820ad11ce6eb94057d0dd9c456500da04da0c12a85c90d6f979cc9"
"checksum htmlstream 0.1.3 (registry+https://github.com/rust-lang/crates.io-index)" = "30c80fc2df505753b4128a39e8fdbf368aecbf19865c6fc5870c8c740f42324d"
"checksum itoa 0.4.4 (registry+https://github.com/rust-lang/crates.io-index)" = "501266b7edd0174f8530248f87f99c88fbe60ca4ef3dd486835b8d8d53136f7f"
"checksum libc 0.2.54 (registry+https://github.com/rust-lang/crates.io-index)" = "c6785aa7dd976f5fbf3b71cfd9cd49d7f783c1ff565a858d71031c6c313aa5c6"
"checksum linked-hash-map 0.5.2 (registry+https://github.com/rust-lang/crates.io-index)" = "ae91b68aebc4ddb91978b11a1b02ddd8602a05ec19002801c5666000e05e0f83"
"checksum man 0.1.1 (registry+https://github.com/rust-lang/crates.io-index)" = "ccbbb1d623a3cbcaeef9a072f7ccbd6f8ca1e788f3e301d5c49bdd67b1f5a942"
"checksum memchr 2.2.0 (registry+https://github.com/rust-lang/crates.io-index)" = "2efc7bc57c883d4a4d6e3246905283d8dae951bb3bd32f49d6ef297f546e1c39"
"checksum parse_arg 0.1.2 (registry+https://github.com/rust-lang/crates.io-index)" = "9258f2957f81e33206927da66f0fed6177a2d7854b43936075047dead6843f80"
"checksum proc-macro2 0.4.30 (registry+https://github.com/rust-lang/crates.io-index)" = "cf3d2011ab5c909338f7887f4fc896d35932e29146c12c8d01da6b22a80ba759"
"checksum quote 0.6.12 (registry+https://github.com/rust-lang/crates.io-index)" = "faf4799c5d274f3868a4aae320a0a182cbd2baee377b378f080e16a23e9d80db"
"checksum roff 0.1.0 (registry+https://github.com/rust-lang/crates.io-index)" = "e33e4fb37ba46888052c763e4ec2acfedd8f00f62897b630cadb6298b833675e"
"checksum ryu 0.2.8 (registry+https://github.com/rust-lang/crates.io-index)" = "b96a9549dc8d48f2c283938303c4b5a77aa29bfbc5b54b084fb1630408899a8f"
"checksum semver 0.6.0 (registry+https://github.com/rust-lang/crates.io-index)" = "7a3186ec9e65071a2095434b1f5bb24838d4e8e130f584c790f6033c79943537"
"checksum semver-parser 0.7.0 (registry+https://github.com/rust-lang/crates.io-index)" = "388a1df253eca08550bef6c72392cfe7c30914bf41df5269b68cbd6ff8f570a3"
"checksum serde 1.0.91 (registry+https://github.com/rust-lang/crates.io-index)" = "a72e9b96fa45ce22a4bc23da3858dfccfd60acd28a25bcd328a98fdd6bea43fd"
"checksum serde_derive 1.0.91 (registry+https://github.com/rust-lang/crates.io-index)" = "101b495b109a3e3ca8c4cbe44cf62391527cdfb6ba15821c5ce80bcd5ea23f9f"
"checksum serde_yaml 0.8.9 (registry+https://github.com/rust-lang/crates.io-index)" = "38b08a9a90e5260fe01c6480ec7c811606df6d3a660415808c3c3fa8ed95b582"
"checksum syn 0.15.34 (registry+https://github.com/rust-lang/crates.io-index)" = "a1393e4a97a19c01e900df2aec855a29f71cf02c402e2f443b8d2747c25c5dbe"
"checksum toml 0.4.10 (registry+https://github.com/rust-lang/crates.io-index)" = "758664fc71a3a69038656bee8b6be6477d2a6c315a6b81f7081f591bffa4111f"
"checksum unicode-segmentation 1.2.1 (registry+https://github.com/rust-lang/crates.io-index)" = "aa6024fc12ddfd1c6dbc14a80fa2324d4568849869b779f6bd37e5e4c03344d1"
"checksum unicode-xid 0.1.0 (registry+https://github.com/rust-lang/crates.io-index)" = "fc72304796d0818e357ead4e000d19c9c174ab23dc11093ac919054d20a6a7fc"
"checksum yaml-rust 0.4.3 (registry+https://github.com/rust-lang/crates.io-index)" = "65923dd1784f44da1d2c3dbbc5e822045628c590ba72123e1c73d3c230c4434d"
